
Microsoft Visual Studio Solution File, Format Version 12.00
# Visual Studio Version 17
VisualStudioVersion = 17.0.32112.339
MinimumVisualStudioVersion = 10.0.40219.1
Project("{FAE04EC0-301F-11D3-BF4B-00C04F79EFBC}") = "Day_4", "Day_4.csproj", "{7DC68242-63A1-4D35-A024-CBF7A5257B5A}"
EndProject
Global
	GlobalSection(SolutionConfigurationPlatforms) = preSolution
		Debug|Any CPU = Debug|Any CPU
		Release|Any CPU = Release|Any CPU
	EndGlobalSection
	GlobalSection(ProjectConfigurationPlatforms) = postSolution
		{7DC68242-63A1-4D35-A024-CBF7A5257B5A}.Debug|Any CPU.ActiveCfg = Debug|Any CPU
		{7DC68242-63A1-4D35-A024-CBF7A5257B5A}.Debug|Any CPU.Build.0 = Debug|Any CPU
		{7DC68242-63A1-4D35-A024-CBF7A5257B5A}.Release|Any CPU.ActiveCfg = Release|Any CPU
		{7DC68242-63A1-4D35-A024-CBF7A5257B5A}.Release|Any CPU.Build.0 = Release|Any CPU
	EndGlobalSection
	GlobalSection(SolutionProperties) = preSolution
		HideSolutionNode = FALSE
	EndGlobalSection
	GlobalSection(ExtensibilityGlobals) = postSolution
		SolutionGuid = {5CE994CA-AA70-410E-B6F1-2BFAD46CCF40}
	EndGlobalSection
EndGlobal
